
Microsoft Visual Studio Solution File, Format Version 12.00
Project("{F2A71F9B-5D33-465A-A702-920D77279786}") = "Cart", "Cart.fsproj", "{56DFEC19-60C3-428C-95BB-4350441BDF10}"
EndProject
Global
	GlobalSection(SolutionConfigurationPlatforms) = preSolution
		Debug|Any CPU = Debug|Any CPU
		Release|Any CPU = Release|Any CPU
	EndGlobalSection
	GlobalSection(ProjectConfigurationPlatforms) = postSolution
		{56DFEC19-60C3-428C-95BB-4350441BDF10}.Debug|Any CPU.ActiveCfg = Debug|Any CPU
		{56DFEC19-60C3-428C-95BB-4350441BDF10}.Debug|Any CPU.Build.0 = Debug|Any CPU
		{56DFEC19-60C3-428C-95BB-4350441BDF10}.Release|Any CPU.ActiveCfg = Release|Any CPU
		{56DFEC19-60C3-428C-95BB-4350441BDF10}.Release|Any CPU.Build.0 = Release|Any CPU
	EndGlobalSection
EndGlobal
